Microsoft Visual Studio Solution File, Format Version 8.00
Project("{8BC9CEB8-8B4A-11D0-8D11-00A0C91BC942}") = "hss", "hss.vcproj", "{198B5A06-8037-4ADB-BD2F-7B8E55BBC64B}"
	ProjectSection(ProjectDependencies) = postProject
	EndProjectSection
EndProject
Global
	GlobalSection(SolutionConfiguration) = preSolution
		Debug = Debug
		Release = Release
	EndGlobalSection
	GlobalSection(ProjectDependencies) = postSolution
	EndGlobalSection
	GlobalSection(ProjectConfiguration) = postSolution
		{198B5A06-8037-4ADB-BD2F-7B8E55BBC64B}.Debug.ActiveCfg = Debug|Win32
		{198B5A06-8037-4ADB-BD2F-7B8E55BBC64B}.Debug.Build.0 = Debug|Win32
		{198B5A06-8037-4ADB-BD2F-7B8E55BBC64B}.Release.ActiveCfg = Release|Win32
		{198B5A06-8037-4ADB-BD2F-7B8E55BBC64B}.Release.Build.0 = Release|Win32
	EndGlobalSection
	GlobalSection(ExtensibilityGlobals) = postSolution
	EndGlobalSection
	GlobalSection(ExtensibilityAddIns) = postSolution
	EndGlobalSection
EndGlobal
